
Microsoft Visual Studio Solution File, Format Version 12.00
Project("{FAE04EC0-301F-11D3-BF4B-00C04F79EFBC}") = "Template", "Template\Template.csproj", "{64BED358-2B0A-4A9E-B667-6A8E50E279CE}"
EndProject
Global
	GlobalSection(SolutionConfigurationPlatforms) = preSolution
		Debug|Any CPU = Debug|Any CPU
		Release|Any CPU = Release|Any CPU
	EndGlobalSection
	GlobalSection(ProjectConfigurationPlatforms) = postSolution
		{64BED358-2B0A-4A9E-B667-6A8E50E279CE}.Debug|Any CPU.ActiveCfg = Debug|Any CPU
		{64BED358-2B0A-4A9E-B667-6A8E50E279CE}.Debug|Any CPU.Build.0 = Debug|Any CPU
		{64BED358-2B0A-4A9E-B667-6A8E50E279CE}.Release|Any CPU.ActiveCfg = Release|Any CPU
		{64BED358-2B0A-4A9E-B667-6A8E50E279CE}.Release|Any CPU.Build.0 = Release|Any CPU
	EndGlobalSection
EndGlobal
